
Microsoft Visual Studio Solution File, Format Version 12.00
# Visual Studio Version 16
VisualStudioVersion = 16.0.32126.315
MinimumVisualStudioVersion = 10.0.40219.1
Project("{8BC9CEB8-8B4A-11D0-8D11-00A0C91BC942}") = "Cpp", "AllStrudyProject\AllStrudyProject.vcxproj", "{BAE7D7D1-F7CD-45D0-A767-D49676449384}"
EndProject
Project("{FAE04EC0-301F-11D3-BF4B-00C04F79EFBC}") = "Cs", "Cs\Cs.csproj", "{66730238-31F6-4CE5-A9EC-4E331AE10304}"
EndProject
Global
	GlobalSection(SolutionConfigurationPlatforms) = preSolution
		Debug|Any CPU = Debug|Any CPU
		Debug|x64 = Debug|x64
		Debug|x86 = Debug|x86
		Release|Any CPU = Release|Any CPU
		Release|x64 = Release|x64
		Release|x86 = Release|x86
	EndGlobalSection
	GlobalSection(ProjectConfigurationPlatforms) = postSolution
		{BAE7D7D1-F7CD-45D0-A767-D49676449384}.Debug|Any CPU.ActiveCfg = Debug|Win32
		{BAE7D7D1-F7CD-45D0-A767-D49676449384}.Debug|x64.ActiveCfg = Debug|x64
		{BAE7D7D1-F7CD-45D0-A767-D49676449384}.Debug|x64.Build.0 = Debug|x64
		{BAE7D7D1-F7CD-45D0-A767-D49676449384}.Debug|x86.ActiveCfg = Debug|Win32
		{BAE7D7D1-F7CD-45D0-A767-D49676449384}.Debug|x86.Build.0 = Debug|Win32
		{BAE7D7D1-F7CD-45D0-A767-D49676449384}.Release|Any CPU.ActiveCfg = Release|Win32
		{BAE7D7D1-F7CD-45D0-A767-D49676449384}.Release|x64.ActiveCfg = Release|x64
		{BAE7D7D1-F7CD-45D0-A767-D49676449384}.Release|x64.Build.0 = Release|x64
		{BAE7D7D1-F7CD-45D0-A767-D49676449384}.Release|x86.ActiveCfg = Release|Win32
		{BAE7D7D1-F7CD-45D0-A767-D49676449384}.Release|x86.Build.0 = Release|Win32
		{66730238-31F6-4CE5-A9EC-4E331AE10304}.Debug|Any CPU.ActiveCfg = Debug|Any CPU
		{66730238-31F6-4CE5-A9EC-4E331AE10304}.Debug|Any CPU.Build.0 = Debug|Any CPU
		{66730238-31F6-4CE5-A9EC-4E331AE10304}.Debug|x64.ActiveCfg = Debug|Any CPU
		{66730238-31F6-4CE5-A9EC-4E331AE10304}.Debug|x64.Build.0 = Debug|Any CPU
		{66730238-31F6-4CE5-A9EC-4E331AE10304}.Debug|x86.ActiveCfg = Debug|Any CPU
		{66730238-31F6-4CE5-A9EC-4E331AE10304}.Debug|x86.Build.0 = Debug|Any CPU
		{66730238-31F6-4CE5-A9EC-4E331AE10304}.Release|Any CPU.ActiveCfg = Release|Any CPU
		{66730238-31F6-4CE5-A9EC-4E331AE10304}.Release|Any CPU.Build.0 = Release|Any CPU
		{66730238-31F6-4CE5-A9EC-4E331AE10304}.Release|x64.ActiveCfg = Release|Any CPU
		{66730238-31F6-4CE5-A9EC-4E331AE10304}.Release|x64.Build.0 = Release|Any CPU
		{66730238-31F6-4CE5-A9EC-4E331AE10304}.Release|x86.ActiveCfg = Release|Any CPU
		{66730238-31F6-4CE5-A9EC-4E331AE10304}.Release|x86.Build.0 = Release|Any CPU
	EndGlobalSection
	GlobalSection(SolutionProperties) = preSolution
		HideSolutionNode = FALSE
	EndGlobalSection
	GlobalSection(ExtensibilityGlobals) = postSolution
		SolutionGuid = {D03C0F8B-8908-462D-B5DD-88F4A2DABE9C}
	EndGlobalSection
EndGlobal
